{
  "name": "juadk-qa-tests",
  "version": "1.0.0",
  "lockfileVersion": 3,
  "requires": true,
  "packages": {
    "": {
      "name": "juadk-qa-tests",
      "version": "1.0.0",
      "license": "ISC",
      "dependencies": {
        "juadk-qa-tests": "file:juadk-qa-tests-1.0.0.tgz"
      }
    },
    "node_modules/juadk-qa-tests": {
      "version": "1.0.0",
      "resolved": "file:juadk-qa-tests-1.0.0.tgz",
      "integrity": "sha512-LyngUH3xwmVAtzj0wo/0bbenmUBza/dWaSkcp4bCH0m0bsOXeH2tnlPP7uqVzAOSchow7DZPKoALQ3vbEM52Cg==",
      "license": "ISC"
    }
  }
}
